Microsoft Visual Studio Solution File, Format Version 12.00
# Visual Studio Version 17
VisualStudioVersion = 17.0.31903.59
MinimumVisualStudioVersion = 10.0.40219.1
Project("{8BC9CEB8-8B4A-11D0-8D11-00A0C91BC942}") = "GrafWindowsCoreTests", "Tests\GrafWindowsCoreTests\GrafWindowsCoreTests.vcxproj", "{4B4C31DA-2000-4E1A-9D4A-6BF7B4B23001}"
EndProject
Project("{8BC9CEB8-8B4A-11D0-8D11-00A0C91BC942}") = "GrafWindowsContractTests", "Tests\GrafWindowsContractTests\GrafWindowsContractTests.vcxproj", "{4B4C31DA-2000-4E1A-9D4A-6BF7B4B23002}"
EndProject
Project("{8BC9CEB8-8B4A-11D0-8D11-00A0C91BC942}") = "GrafWindowsPackageTests", "Tests\GrafWindowsPackageTests\GrafWindowsPackageTests.vcxproj", "{4B4C31DA-2000-4E1A-9D4A-6BF7B4B23003}"
EndProject
Global
	GlobalSection(SolutionConfigurationPlatforms) = preSolution
		Debug|x64 = Debug|x64
		Release|x64 = Release|x64
	EndGlobalSection
	GlobalSection(ProjectConfigurationPlatforms) = postSolution
		{4B4C31DA-2000-4E1A-9D4A-6BF7B4B23001}.Debug|x64.ActiveCfg = Debug|x64
		{4B4C31DA-2000-4E1A-9D4A-6BF7B4B23001}.Debug|x64.Build.0 = Debug|x64
		{4B4C31DA-2000-4E1A-9D4A-6BF7B4B23001}.Release|x64.ActiveCfg = Release|x64
		{4B4C31DA-2000-4E1A-9D4A-6BF7B4B23001}.Release|x64.Build.0 = Release|x64
		{4B4C31DA-2000-4E1A-9D4A-6BF7B4B23002}.Debug|x64.ActiveCfg = Debug|x64
		{4B4C31DA-2000-4E1A-9D4A-6BF7B4B23002}.Debug|x64.Build.0 = Debug|x64
		{4B4C31DA-2000-4E1A-9D4A-6BF7B4B23002}.Release|x64.ActiveCfg = Release|x64
		{4B4C31DA-2000-4E1A-9D4A-6BF7B4B23002}.Release|x64.Build.0 = Release|x64
		{4B4C31DA-2000-4E1A-9D4A-6BF7B4B23003}.Debug|x64.ActiveCfg = Debug|x64
		{4B4C31DA-2000-4E1A-9D4A-6BF7B4B23003}.Debug|x64.Build.0 = Debug|x64
		{4B4C31DA-2000-4E1A-9D4A-6BF7B4B23003}.Release|x64.ActiveCfg = Release|x64
		{4B4C31DA-2000-4E1A-9D4A-6BF7B4B23003}.Release|x64.Build.0 = Release|x64
	EndGlobalSection
	GlobalSection(SolutionProperties) = preSolution
		HideSolutionNode = FALSE
	EndGlobalSection
EndGlobal
