webrtc_audio_processing_version=2.1
webrtc_audio_processing_tag=v2.1
webrtc_audio_processing_commit=846fe90a289f58b7c9303a635142aa2c7caa93e5
webrtc_audio_processing_url=https://gitlab.freedesktop.org/pulseaudio/webrtc-audio-processing.git
webrtc_revision=M131
abseil_version=20240722.0
abseil_source_sha256=f50e5ac311a81382da7fa75b97310e4b9006474f9560ac46f54a9967f07d4ae3
abseil_wrap_patch_version=20240722.0-3
abseil_wrap_patch_sha256=12dd8df1488a314c53e3751abd2750cf233b830651d168b6a9f15e7d0cf71f7b
abseil_wrap_file_sha256=274e7ae7895ab1300c88ed6ca0e4f744243c998529c4ebcb1341b4e0c566bda0
minimum_macos=14.0
architectures=arm64,x86_64
library_kind=static
cpp_standard=c++17
optional_audio_processing=disabled
build_flags=--default-library=static,--wrap-mode=forcefallback,-Db_lto=false,-Dbuildtype=release
artifact_sha256=6afa1ce70aa1fb0d1c33d44a60d7b5e49b1ce7c21928ee55a418ce89bce13822
approved_toolchain_xcode=26.6
approved_toolchain_apple_clang=21.0.0
approved_toolchain_meson=1.11.1
approved_toolchain_ninja=1.13.2
license_files=COPYING,webrtc/LICENSE,webrtc/PATENTS,abseil/LICENSE,ooura/LICENSE,spl_sqrt_floor/LICENSE,fft/LICENSE,pffft/LICENSE,rnnoise/COPYING
